// !$*UTF8*$!
{
	archiveVersion = 1;
	classes = {
	};
	objectVersion = 55;
	objects = {

/* Begin PBXBuildFile section */
		D456C40829130B5F005C60AF /* AppDelegate.swift in Sources */ = {isa = PBXBuildFile; fileRef = D456C40729130B5F005C60AF /* AppDelegate.swift */; };
		D456C40A29130B5F005C60AF /* SceneDelegate.swift in Sources */ = {isa = PBXBuildFile; fileRef = D456C40929130B5F005C60AF /* SceneDelegate.swift */; };
		D456C40C29130B5F005C60AF /* HomeScreenViewController.swift in Sources */ = {isa = PBXBuildFile; fileRef = D456C40B29130B5F005C60AF /* HomeScreenViewController.swift */; };
		D456C40F29130B5F005C60AF /* Main.storyboard in Resources */ = {isa = PBXBuildFile; fileRef = D456C40D29130B5F005C60AF /* Main.storyboard */; };
		D456C41229130B5F005C60AF /* FitFriend.xcdatamodeld in Sources */ = {isa = PBXBuildFile; fileRef = D456C41029130B5F005C60AF /* FitFriend.xcdatamodeld */; };
		D456C41429130B60005C60AF /* Assets.xcassets in Resources */ = {isa = PBXBuildFile; fileRef = D456C41329130B60005C60AF /* Assets.xcassets */; };
		D456C41729130B60005C60AF /* LaunchScreen.storyboard in Resources */ = {isa = PBXBuildFile; fileRef = D456C41529130B60005C60AF /* LaunchScreen.storyboard */; };
		D456C41F29130DDE005C60AF /* ChooseWorkoutTableViewController.swift in Sources */ = {isa = PBXBuildFile; fileRef = D456C41E29130DDE005C60AF /* ChooseWorkoutTableViewController.swift */; };
		D4EA35A829131FDE00CFC13F /* SavedWorkoutsTableViewController.swift in Sources */ = {isa = PBXBuildFile; fileRef = D4EA35A729131FDE00CFC13F /* SavedWorkoutsTableViewController.swift */; };
/* End PBXBuildFile section */

/* Begin PBXFileReference section */
		D456C40429130B5F005C60AF /* FitFriend.app */ = {isa = PBXFileReference; explicitFileType = wrapper.application; includeInIndex = 0; path = FitFriend.app; sourceTree = BUILT_PRODUCTS_DIR; };
		D456C40729130B5F005C60AF /* AppDelegate.swift */ = {isa = PBXFileReference; lastKnownFileType = sourcecode.swift; path = AppDelegate.swift; sourceTree = "<group>"; };
		D456C40929130B5F005C60AF /* SceneDelegate.swift */ = {isa = PBXFileReference; lastKnownFileType = sourcecode.swift; path = SceneDelegate.swift; sourceTree = "<group>"; };
		D456C40B29130B5F005C60AF /* HomeScreenViewController.swift */ = {isa = PBXFileReference; lastKnownFileType = sourcecode.swift; path = HomeScreenViewController.swift; sourceTree = "<group>"; };
		D456C40E29130B5F005C60AF /* Base */ = {isa = PBXFileReference; lastKnownFileType = file.storyboard; name = Base; path = Base.lproj/Main.storyboard; sourceTree = "<group>"; };
		D456C41129130B5F005C60AF /* FitFriend.xcdatamodel */ = {isa = PBXFileReference; lastKnownFileType = wrapper.xcdatamodel; path = FitFriend.xcdatamodel; sourceTree = "<group>"; };
		D456C41329130B60005C60AF /* Assets.xcassets */ = {isa = PBXFileReference; lastKnownFileType = folder.assetcatalog; path = Assets.xcassets; sourceTree = "<group>"; };
		D456C41629130B60005C60AF /* Base */ = {isa = PBXFileReference; lastKnownFileType = file.storyboard; name = Base; path = Base.lproj/LaunchScreen.storyboard; sourceTree = "<group>"; };
		D456C41829130B60005C60AF /* Info.plist */ = {isa = PBXFileReference; lastKnownFileType = text.plist.xml; path = Info.plist; sourceTree = "<group>"; };
		D456C41E29130DDE005C60AF /* ChooseWorkoutTableViewController.swift */ = {isa = PBXFileReference; lastKnownFileType = sourcecode.swift; path = ChooseWorkoutTableViewController.swift; sourceTree = "<group>"; };
		D4EA35A729131FDE00CFC13F /* SavedWorkoutsTableViewController.swift */ = {isa = PBXFileReference; lastKnownFileType = sourcecode.swift; path = SavedWorkoutsTableViewController.swift; sourceTree = "<group>"; };
/* End PBXFileReference section */

/* Begin PBXFrameworksBuildPhase section */
		D456C40129130B5F005C60AF /* Frameworks */ = {
			isa = PBXFrameworksBuildPhase;
			buildActionMask = 2147483647;
			files = (
			);
			runOnlyForDeploymentPostprocessing = 0;
		};
/* End PBXFrameworksBuildPhase section */

/* Begin PBXGroup section */
		D456C3FB29130B5F005C60AF = {
			isa = PBXGroup;
			children = (
				D456C40629130B5F005C60AF /* FitFriend */,
				D456C40529130B5F005C60AF /* Products */,
			);
			sourceTree = "<group>";
		};
		D456C40529130B5F005C60AF /* Products */ = {
			isa = PBXGroup;
			children = (
				D456C40429130B5F005C60AF /* FitFriend.app */,
			);
			name = Products;
			sourceTree = "<group>";
		};
		D456C40629130B5F005C60AF /* FitFriend */ = {
			isa = PBXGroup;
			children = (
				D456C40729130B5F005C60AF /* AppDelegate.swift */,
				D456C40929130B5F005C60AF /* SceneDelegate.swift */,
				D456C40B29130B5F005C60AF /* HomeScreenViewController.swift */,
				D456C40D29130B5F005C60AF /* Main.storyboard */,
				D4EA35A729131FDE00CFC13F /* SavedWorkoutsTableViewController.swift */,
				D456C41E29130DDE005C60AF /* ChooseWorkoutTableViewController.swift */,
				D456C41329130B60005C60AF /* Assets.xcassets */,
				D456C41529130B60005C60AF /* LaunchScreen.storyboard */,
				D456C41829130B60005C60AF /* Info.plist */,
				D456C41029130B5F005C60AF /* FitFriend.xcdatamodeld */,
			);
			path = FitFriend;
			sourceTree = "<group>";
		};
/* End PBXGroup section */

/* Begin PBXNativeTarget section */
		D456C40329130B5F005C60AF /* FitFriend */ = {
			isa = PBXNativeTarget;
			buildConfigurationList = D456C41B29130B60005C60AF /* Build configuration list for PBXNativeTarget "FitFriend" */;
			buildPhases = (
				D456C40029130B5F005C60AF /* Sources */,
				D456C40129130B5F005C60AF /* Frameworks */,
				D456C40229130B5F005C60AF /* Resources */,
			);
			buildRules = (
			);
			dependencies = (
			);
			name = FitFriend;
			productName = FitFriend;
			productReference = D456C40429130B5F005C60AF /* FitFriend.app */;
			productType = "com.apple.product-type.application";
		};
/* End PBXNativeTarget section */

/* Begin PBXProject section */
		D456C3FC29130B5F005C60AF /* Project object */ = {
			isa = PBXProject;
			attributes = {
				BuildIndependentTargetsInParallel = 1;
				LastSwiftUpdateCheck = 1340;
				LastUpgradeCheck = 1340;
				TargetAttributes = {
					D456C40329130B5F005C60AF = {
						CreatedOnToolsVersion = 13.4.1;
					};
				};
			};
			buildConfigurationList = D456C3FF29130B5F005C60AF /* Build configuration list for PBXProject "FitFriend" */;
			compatibilityVersion = "Xcode 13.0";
			developmentRegion = en;
			hasScannedForEncodings = 0;
			knownRegions = (
				en,
				Base,
			);
			mainGroup = D456C3FB29130B5F005C60AF;
			productRefGroup = D456C40529130B5F005C60AF /* Products */;
			projectDirPath = "";
			projectRoot = "";
			targets = (
				D456C40329130B5F005C60AF /* FitFriend */,
			);
		};
/* End PBXProject section */

/* Begin PBXResourcesBuildPhase section */
		D456C40229130B5F005C60AF /* Resources */ = {
			isa = PBXResourcesBuildPhase;
			buildActionMask = 2147483647;
			files = (
				D456C41729130B60005C60AF /* LaunchScreen.storyboard in Resources */,
				D456C41429130B60005C60AF /* Assets.xcassets in Resources */,
				D456C40F29130B5F005C60AF /* Main.storyboard in Resources */,
			);
			runOnlyForDeploymentPostprocessing = 0;
		};
/* End PBXResourcesBuildPhase section */

/* Begin PBXSourcesBuildPhase section */
		D456C40029130B5F005C60AF /* Sources */ = {
			isa = PBXSourcesBuildPhase;
			buildActionMask = 2147483647;
			files = (
				D456C40C29130B5F005C60AF /* HomeScreenViewController.swift in Sources */,
				D456C41229130B5F005C60AF /* FitFriend.xcdatamodeld in Sources */,
				D456C40829130B5F005C60AF /* AppDelegate.swift in Sources */,
				D4EA35A829131FDE00CFC13F /* SavedWorkoutsTableViewController.swift in Sources */,
				D456C40A29130B5F005C60AF /* SceneDelegate.swift in Sources */,
				D456C41F29130DDE005C60AF /* ChooseWorkoutTableViewController.swift in Sources */,
			);
			runOnlyForDeploymentPostprocessing = 0;
		};
/* End PBXSourcesBuildPhase section */

/* Begin PBXVariantGroup section */
		D456C40D29130B5F005C60AF /* Main.storyboard */ = {
			isa = PBXVariantGroup;
			children = (
				D456C40E29130B5F005C60AF /* Base */,
			);
			name = Main.storyboard;
			sourceTree = "<group>";
		};
		D456C41529130B60005C60AF /* LaunchScreen.storyboard */ = {
			isa = PBXVariantGroup;
			children = (
				D456C41629130B60005C60AF /* Base */,
			);
			name = LaunchScreen.storyboard;
			sourceTree = "<group>";
		};
/* End PBXVariantGroup section */

/* Begin XCBuildConfiguration section */
		D456C41929130B60005C60AF /* Debug */ = {
			isa = XCBuildConfiguration;
			buildSettings = {
				ALWAYS_SEARCH_USER_PATHS = NO;
				CLANG_ANALYZER_NONNULL = YES;
				CLANG_ANALYZER_NUMBER_OBJECT_CONVERSION = YES_AGGRESSIVE;
				CLANG_CXX_LANGUAGE_STANDARD = "gnu++17";
				CLANG_ENABLE_MODULES = YES;
				CLANG_ENABLE_OBJC_ARC = YES;
				CLANG_ENABLE_OBJC_WEAK = YES;
				CLANG_WARN_BLOCK_CAPTURE_AUTORELEASING = YES;
				CLANG_WARN_BOOL_CONVERSION = YES;
				CLANG_WARN_COMMA = YES;
				CLANG_WARN_CONSTANT_CONVERSION = YES;
				CLANG_WARN_DEPRECATED_OBJC_IMPLEMENTATIONS = YES;
				CLANG_WARN_DIRECT_OBJC_ISA_USAGE = YES_ERROR;
				CLANG_WARN_DOCUMENTATION_COMMENTS = YES;
				CLANG_WARN_EMPTY_BODY = YES;
				CLANG_WARN_ENUM_CONVERSION = YES;
				CLANG_WARN_INFINITE_RECURSION = YES;
				CLANG_WARN_INT_CONVERSION = YES;
				CLANG_WARN_NON_LITERAL_NULL_CONVERSION = YES;
				CLANG_WARN_OBJC_IMPLICIT_RETAIN_SELF = YES;
				CLANG_WARN_OBJC_LITERAL_CONVERSION = YES;
				CLANG_WARN_OBJC_ROOT_CLASS = YES_ERROR;
				CLANG_WARN_QUOTED_INCLUDE_IN_FRAMEWORK_HEADER = YES;
				CLANG_WARN_RANGE_LOOP_ANALYSIS = YES;
				CLANG_WARN_STRICT_PROTOTYPES = YES;
				CLANG_WARN_SUSPICIOUS_MOVE = YES;
				CLANG_WARN_UNGUARDED_AVAILABILITY = YES_AGGRESSIVE;
				CLANG_WARN_UNREACHABLE_CODE = YES;
				CLANG_WARN__DUPLICATE_METHOD_MATCH = YES;
				COPY_PHASE_STRIP = NO;
				DEBUG_INFORMATION_FORMAT = dwarf;
				ENABLE_STRICT_OBJC_MSGSEND = YES;
				ENABLE_TESTABILITY = YES;
				GCC_C_LANGUAGE_STANDARD = gnu11;
				GCC_DYNAMIC_NO_PIC = NO;
				GCC_NO_COMMON_BLOCKS = YES;
				GCC_OPTIMIZATION_LEVEL = 0;
				GCC_PREPROCESSOR_DEFINITIONS = (
					"DEBUG=1",
					"$(inherited)",
				);
				GCC_WARN_64_TO_32_BIT_CONVERSION = YES;
				GCC_WARN_ABOUT_RETURN_TYPE = YES_ERROR;
				GCC_WARN_UNDECLARED_SELECTOR = YES;
				GCC_WARN_UNINITIALIZED_AUTOS = YES_AGGRESSIVE;
				GCC_WARN_UNUSED_FUNCTION = YES;
				GCC_WARN_UNUSED_VARIABLE = YES;
				IPHONEOS_DEPLOYMENT_TARGET = 15.5;
				MTL_ENABLE_DEBUG_INFO = INCLUDE_SOURCE;
				MTL_FAST_MATH = YES;
				ONLY_ACTIVE_ARCH = YES;
				SDKROOT = iphoneos;
				SWIFT_ACTIVE_COMPILATION_CONDITIONS = DEBUG;
				SWIFT_OPTIMIZATION_LEVEL = "-Onone";
			};
			name = Debug;
		};
		D456C41A29130B60005C60AF /* Release */ = {
			isa = XCBuildConfiguration;
			buildSettings = {
				ALWAYS_SEARCH_USER_PATHS = NO;
				CLANG_ANALYZER_NONNULL = YES;
				CLANG_ANALYZER_NUMBER_OBJECT_CONVERSION = YES_AGGRESSIVE;
				CLANG_CXX_LANGUAGE_STANDARD = "gnu++17";
				CLANG_ENABLE_MODULES = YES;
				CLANG_ENABLE_OBJC_ARC = YES;
				CLANG_ENABLE_OBJC_WEAK = YES;
				CLANG_WARN_BLOCK_CAPTURE_AUTORELEASING = YES;
				CLANG_WARN_BOOL_CONVERSION = YES;
				CLANG_WARN_COMMA = YES;
				CLANG_WARN_CONSTANT_CONVERSION = YES;
				CLANG_WARN_DEPRECATED_OBJC_IMPLEMENTATIONS = YES;
				CLANG_WARN_DIRECT_OBJC_ISA_USAGE = YES_ERROR;
				CLANG_WARN_DOCUMENTATION_COMMENTS = YES;
				CLANG_WARN_EMPTY_BODY = YES;
				CLANG_WARN_ENUM_CONVERSION = YES;
				CLANG_WARN_INFINITE_RECURSION = YES;
				CLANG_WARN_INT_CONVERSION = YES;
				CLANG_WARN_NON_LITERAL_NULL_CONVERSION = YES;
				CLANG_WARN_OBJC_IMPLICIT_RETAIN_SELF = YES;
				CLANG_WARN_OBJC_LITERAL_CONVERSION = YES;
				CLANG_WARN_OBJC_ROOT_CLASS = YES_ERROR;
				CLANG_WARN_QUOTED_INCLUDE_IN_FRAMEWORK_HEADER = YES;
				CLANG_WARN_RANGE_LOOP_ANALYSIS = YES;
				CLANG_WARN_STRICT_PROTOTYPES = YES;
				CLANG_WARN_SUSPICIOUS_MOVE = YES;
				CLANG_WARN_UNGUARDED_AVAILABILITY = YES_AGGRESSIVE;
				CLANG_WARN_UNREACHABLE_CODE = YES;
				CLANG_WARN__DUPLICATE_METHOD_MATCH = YES;
				COPY_PHASE_STRIP = NO;
				DEBUG_INFORMATION_FORMAT = "dwarf-with-dsym";
				ENABLE_NS_ASSERTIONS = NO;
				ENABLE_STRICT_OBJC_MSGSEND = YES;
				GCC_C_LANGUAGE_STANDARD = gnu11;
				GCC_NO_COMMON_BLOCKS = YES;
				GCC_WARN_64_TO_32_BIT_CONVERSION = YES;
				GCC_WARN_ABOUT_RETURN_TYPE = YES_ERROR;
				GCC_WARN_UNDECLARED_SELECTOR = YES;
				GCC_WARN_UNINITIALIZED_AUTOS = YES_AGGRESSIVE;
				GCC_WARN_UNUSED_FUNCTION = YES;
				GCC_WARN_UNUSED_VARIABLE = YES;
				IPHONEOS_DEPLOYMENT_TARGET = 15.5;
				MTL_ENABLE_DEBUG_INFO = NO;
				MTL_FAST_MATH = YES;
				SDKROOT = iphoneos;
				SWIFT_COMPILATION_MODE = wholemodule;
				SWIFT_OPTIMIZATION_LEVEL = "-O";
				VALIDATE_PRODUCT = YES;
			};
			name = Release;
		};
		D456C41C29130B60005C60AF /* Debug */ = {
			isa = XCBuildConfiguration;
			buildSettings = {
				ASSETCATALOG_COMPILER_APPICON_NAME = AppIcon;
				ASSETCATALOG_COMPILER_GLOBAL_ACCENT_COLOR_NAME = AccentColor;
				CODE_SIGN_STYLE = Automatic;
				CURRENT_PROJECT_VERSION = 1;
				DEVELOPMENT_TEAM = 8H5F3S2VGS;
				GENERATE_INFOPLIST_FILE = YES;
				INFOPLIST_FILE = FitFriend/Info.plist;
				INFOPLIST_KEY_UIApplicationSupportsIndirectInputEvents = YES;
				INFOPLIST_KEY_UILaunchStoryboardName = LaunchScreen;
				INFOPLIST_KEY_UIMainStoryboardFile = Main;
				INFOPLIST_KEY_UISupportedInterfaceOrientations_iPad = "UIInterfaceOrientationPortrait UIInterfaceOrientationPortraitUpsideDown UIInterfaceOrientationLandscapeLeft UIInterfaceOrientationLandscapeRight";
				INFOPLIST_KEY_UISupportedInterfaceOrientations_iPhone = "UIInterfaceOrientationPortrait UIInterfaceOrientationLandscapeLeft UIInterfaceOrientationLandscapeRight";
				LD_RUNPATH_SEARCH_PATHS = (
					"$(inherited)",
					"@executable_path/Frameworks",
				);
				MARKETING_VERSION = 1.0;
				PRODUCT_BUNDLE_IDENTIFIER = com.chrismartinez131.FitFriend;
				PRODUCT_NAME = "$(TARGET_NAME)";
				SWIFT_EMIT_LOC_STRINGS = YES;
				SWIFT_VERSION = 5.0;
				TARGETED_DEVICE_FAMILY = "1,2";
			};
			name = Debug;
		};
		D456C41D29130B60005C60AF /* Release */ = {
			isa = XCBuildConfiguration;
			buildSettings = {
				ASSETCATALOG_COMPILER_APPICON_NAME = AppIcon;
				ASSETCATALOG_COMPILER_GLOBAL_ACCENT_COLOR_NAME = AccentColor;
				CODE_SIGN_STYLE = Automatic;
				CURRENT_PROJECT_VERSION = 1;
				DEVELOPMENT_TEAM = 8H5F3S2VGS;
				GENERATE_INFOPLIST_FILE = YES;
				INFOPLIST_FILE = FitFriend/Info.plist;
				INFOPLIST_KEY_UIApplicationSupportsIndirectInputEvents = YES;
				INFOPLIST_KEY_UILaunchStoryboardName = LaunchScreen;
				INFOPLIST_KEY_UIMainStoryboardFile = Main;
				INFOPLIST_KEY_UISupportedInterfaceOrientations_iPad = "UIInterfaceOrientationPortrait UIInterfaceOrientationPortraitUpsideDown UIInterfaceOrientationLandscapeLeft UIInterfaceOrientationLandscapeRight";
				INFOPLIST_KEY_UISupportedInterfaceOrientations_iPhone = "UIInterfaceOrientationPortrait UIInterfaceOrientationLandscapeLeft UIInterfaceOrientationLandscapeRight";
				LD_RUNPATH_SEARCH_PATHS = (
					"$(inherited)",
					"@executable_path/Frameworks",
				);
				MARKETING_VERSION = 1.0;
				PRODUCT_BUNDLE_IDENTIFIER = com.chrismartinez131.FitFriend;
				PRODUCT_NAME = "$(TARGET_NAME)";
				SWIFT_EMIT_LOC_STRINGS = YES;
				SWIFT_VERSION = 5.0;
				TARGETED_DEVICE_FAMILY = "1,2";
			};
			name = Release;
		};
/* End XCBuildConfiguration section */

/* Begin XCConfigurationList section */
		D456C3FF29130B5F005C60AF /* Build configuration list for PBXProject "FitFriend" */ = {
			isa = XCConfigurationList;
			buildConfigurations = (
				D456C41929130B60005C60AF /* Debug */,
				D456C41A29130B60005C60AF /* Release */,
			);
			defaultConfigurationIsVisible = 0;
			defaultConfigurationName = Release;
		};
		D456C41B29130B60005C60AF /* Build configuration list for PBXNativeTarget "FitFriend" */ = {
			isa = XCConfigurationList;
			buildConfigurations = (
				D456C41C29130B60005C60AF /* Debug */,
				D456C41D29130B60005C60AF /* Release */,
			);
			defaultConfigurationIsVisible = 0;
			defaultConfigurationName = Release;
		};
/* End XCConfigurationList section */

/* Begin XCVersionGroup section */
		D456C41029130B5F005C60AF /* FitFriend.xcdatamodeld */ = {
			isa = XCVersionGroup;
			children = (
				D456C41129130B5F005C60AF /* FitFriend.xcdatamodel */,
			);
			currentVersion = D456C41129130B5F005C60AF /* FitFriend.xcdatamodel */;
			path = FitFriend.xcdatamodeld;
			sourceTree = "<group>";
			versionGroupType = wrapper.xcdatamodel;
		};
/* End XCVersionGroup section */
	};
	rootObject = D456C3FC29130B5F005C60AF /* Project object */;
}
